
Microsoft Visual Studio Solution File, Format Version 12.00
# Visual Studio 15
VisualStudioVersion = 15.0.26730.15
MinimumVisualStudioVersion = 10.0.40219.1
Project("{FAE04EC0-301F-11D3-BF4B-00C04F79EFBC}") = "Task1", "Task1\Task1.csproj", "{B360F345-ED20-405C-B400-5577791585AF}"
EndProject
Project("{FAE04EC0-301F-11D3-BF4B-00C04F79EFBC}") = "Task1.CUI", "Task1.CUI\Task1.CUI.csproj", "{92730F04-2D4E-4CCB-8B1F-AC2A7032A380}"
EndProject
Project("{FAE04EC0-301F-11D3-BF4B-00C04F79EFBC}") = "Task2", "Task2\Task2.csproj", "{D6C1A125-1AF5-44C4-BEB1-E9F49BB81460}"
EndProject
Global
	GlobalSection(SolutionConfigurationPlatforms) = preSolution
		Debug|Any CPU = Debug|Any CPU
		Release|Any CPU = Release|Any CPU
	EndGlobalSection
	GlobalSection(ProjectConfigurationPlatforms) = postSolution
		{B360F345-ED20-405C-B400-5577791585AF}.Debug|Any CPU.ActiveCfg = Debug|Any CPU
		{B360F345-ED20-405C-B400-5577791585AF}.Debug|Any CPU.Build.0 = Debug|Any CPU
		{B360F345-ED20-405C-B400-5577791585AF}.Release|Any CPU.ActiveCfg = Release|Any CPU
		{B360F345-ED20-405C-B400-5577791585AF}.Release|Any CPU.Build.0 = Release|Any CPU
		{92730F04-2D4E-4CCB-8B1F-AC2A7032A380}.Debug|Any CPU.ActiveCfg = Debug|Any CPU
		{92730F04-2D4E-4CCB-8B1F-AC2A7032A380}.Debug|Any CPU.Build.0 = Debug|Any CPU
		{92730F04-2D4E-4CCB-8B1F-AC2A7032A380}.Release|Any CPU.ActiveCfg = Release|Any CPU
		{92730F04-2D4E-4CCB-8B1F-AC2A7032A380}.Release|Any CPU.Build.0 = Release|Any CPU
		{D6C1A125-1AF5-44C4-BEB1-E9F49BB81460}.Debug|Any CPU.ActiveCfg = Debug|Any CPU
		{D6C1A125-1AF5-44C4-BEB1-E9F49BB81460}.Debug|Any CPU.Build.0 = Debug|Any CPU
		{D6C1A125-1AF5-44C4-BEB1-E9F49BB81460}.Release|Any CPU.ActiveCfg = Release|Any CPU
		{D6C1A125-1AF5-44C4-BEB1-E9F49BB81460}.Release|Any CPU.Build.0 = Release|Any CPU
	EndGlobalSection
	GlobalSection(SolutionProperties) = preSolution
		HideSolutionNode = FALSE
	EndGlobalSection
	GlobalSection(ExtensibilityGlobals) = postSolution
		SolutionGuid = {76086004-C8D3-4255-9D38-B0610CEABF74}
	EndGlobalSection
EndGlobal
